
Microsoft Visual Studio Solution File, Format Version 12.00
# Visual Studio Version 16
VisualStudioVersion = 16.0.29411.108
MinimumVisualStudioVersion = 15.0.26124.0
Project("{9A19103F-16F7-4668-BE54-9A1E7A4F7556}") = "Address.Api", "Address.Api\Address.Api.csproj", "{4C6D84E1-4A7B-4896-9FDD-B51A33BAA66F}"
EndProject
Project("{9A19103F-16F7-4668-BE54-9A1E7A4F7556}") = "Address.Domain", "Address.Domain\Address.Domain.csproj", "{27E5C581-216B-4E57-8753-D59E0DD339F4}"
EndProject
Project("{9A19103F-16F7-4668-BE54-9A1E7A4F7556}") = "AddressDto", "AddressDto\AddressDto.csproj", "{C6959865-2B8C-4ECA-9666-2AD5BFB38804}"
EndProject
Project("{9A19103F-16F7-4668-BE54-9A1E7A4F7556}") = "AddressEFRepository", "AddressEFRepository\AddressEFRepository.csproj", "{43358D6F-FF3F-4F69-8C14-17BDC6BF1027}"
EndProject
Project("{9A19103F-16F7-4668-BE54-9A1E7A4F7556}") = "AddressServiceImpl", "AddressServiceImpl\AddressServiceImpl.csproj", "{3244E686-6CF4-4431-BEFB-3D5FED88DDBC}"
EndProject
Project("{9A19103F-16F7-4668-BE54-9A1E7A4F7556}") = "AddressService", "IAddressService\AddressService.csproj", "{B40A0103-8C3F-4891-9231-61414B5609FE}"
EndProject
Project("{9A19103F-16F7-4668-BE54-9A1E7A4F7556}") = "User.Api", "User.Api\User.Api.csproj", "{C2BAEF1B-800E-46EF-A2DE-BC8C9A47FF86}"
EndProject
Project("{9A19103F-16F7-4668-BE54-9A1E7A4F7556}") = "Utils", "Utils\Utils.csproj", "{C1F526BA-A7BF-4F47-87F2-24E77BE72B59}"
EndProject
Project("{9A19103F-16F7-4668-BE54-9A1E7A4F7556}") = "ProvinceService", "ProvinceService\ProvinceService.csproj", "{6178AF5B-8D91-4D45-AD75-08C00FAEB9AC}"
EndProject
Project("{9A19103F-16F7-4668-BE54-9A1E7A4F7556}") = "ProvinceServiceImpl", "ProvinceServiceImpl\ProvinceServiceImpl.csproj", "{41E62DC7-898D-41C7-94B7-0B5ED2F96167}"
EndProject
Project("{9A19103F-16F7-4668-BE54-9A1E7A4F7556}") = "City.EFRepository", "City.EFRepository\City.EFRepository.csproj", "{569F2F3A-F090-4A81-A3EE-AA7BC275637A}"
EndProject
Project("{9A19103F-16F7-4668-BE54-9A1E7A4F7556}") = "City.Domain", "City.Domain\City.Domain.csproj", "{158924D7-0F77-4240-B7E6-A8C3EF1E59B5}"
EndProject
Project("{9A19103F-16F7-4668-BE54-9A1E7A4F7556}") = "CityService", "CityService\CityService.csproj", "{B60C8790-AAA6-4E53-80AE-21C0963A89AB}"
EndProject
Project("{9A19103F-16F7-4668-BE54-9A1E7A4F7556}") = "CityServiceImpl", "CityServiceImpl\CityServiceImpl.csproj", "{D2258BE7-13D4-4648-B261-B966CA553A17}"
EndProject
Project("{9A19103F-16F7-4668-BE54-9A1E7A4F7556}") = "Address.Tools", "Address.Tools\Address.Tools.csproj", "{45A8448B-ED08-42DC-8B39-AFE88819672D}"
EndProject
Project("{2150E333-8FDC-42A3-9474-1A3956D46DE8}") = "Address", "Address", "{62F7F5DF-79FA-4EA2-B03E-E1782847C31D}"
EndProject
Project("{2150E333-8FDC-42A3-9474-1A3956D46DE8}") = "City", "City", "{6B70000D-B3F4-4EEA-AF2F-6ED2A7CBA0C8}"
EndProject
Project("{9A19103F-16F7-4668-BE54-9A1E7A4F7556}") = "City.Tools", "City.Tools\City.Tools.csproj", "{48B524A9-FF49-4018-BEE5-47289649B9DE}"
EndProject
Project("{9A19103F-16F7-4668-BE54-9A1E7A4F7556}") = "Address.UnitTest", "Address.UnitTest\Address.UnitTest.csproj", "{BFD2F207-A1B7-4AEA-95AC-4D06F3D02D05}"
EndProject
Project("{9A19103F-16F7-4668-BE54-9A1E7A4F7556}") = "Address.IntegrationTest", "Address.IntegrationTest\Address.IntegrationTest.csproj", "{009921A8-C108-476F-A838-231787FDEDE8}"
EndProject
Project("{2150E333-8FDC-42A3-9474-1A3956D46DE8}") = "Tests", "Tests", "{26939763-CBE2-4ABD-9032-FC0647391949}"
EndProject
Project("{E53339B2-1760-4266-BCC7-CA923CBCF16C}") = "docker-compose", "docker-compose.dcproj", "{9910C1A1-4286-4FE1-9090-99BE534833BA}"
EndProject
Project("{2150E333-8FDC-42A3-9474-1A3956D46DE8}") = "User", "User", "{F7DB7DC8-3AE2-4BB8-AFFF-FBFDD2802189}"
EndProject
Global
	GlobalSection(SolutionConfigurationPlatforms) = preSolution
		Debug|Any CPU = Debug|Any CPU
		Debug|x64 = Debug|x64
		Debug|x86 = Debug|x86
		Release|Any CPU = Release|Any CPU
		Release|x64 = Release|x64
		Release|x86 = Release|x86
	EndGlobalSection
	GlobalSection(ProjectConfigurationPlatforms) = postSolution
		{4C6D84E1-4A7B-4896-9FDD-B51A33BAA66F}.Debug|Any CPU.ActiveCfg = Debug|Any CPU
		{4C6D84E1-4A7B-4896-9FDD-B51A33BAA66F}.Debug|Any CPU.Build.0 = Debug|Any CPU
		{4C6D84E1-4A7B-4896-9FDD-B51A33BAA66F}.Debug|x64.ActiveCfg = Debug|Any CPU
		{4C6D84E1-4A7B-4896-9FDD-B51A33BAA66F}.Debug|x64.Build.0 = Debug|Any CPU
		{4C6D84E1-4A7B-4896-9FDD-B51A33BAA66F}.Debug|x86.ActiveCfg = Debug|Any CPU
		{4C6D84E1-4A7B-4896-9FDD-B51A33BAA66F}.Debug|x86.Build.0 = Debug|Any CPU
		{4C6D84E1-4A7B-4896-9FDD-B51A33BAA66F}.Release|Any CPU.ActiveCfg = Release|Any CPU
		{4C6D84E1-4A7B-4896-9FDD-B51A33BAA66F}.Release|Any CPU.Build.0 = Release|Any CPU
		{4C6D84E1-4A7B-4896-9FDD-B51A33BAA66F}.Release|x64.ActiveCfg = Release|Any CPU
		{4C6D84E1-4A7B-4896-9FDD-B51A33BAA66F}.Release|x64.Build.0 = Release|Any CPU
		{4C6D84E1-4A7B-4896-9FDD-B51A33BAA66F}.Release|x86.ActiveCfg = Release|Any CPU
		{4C6D84E1-4A7B-4896-9FDD-B51A33BAA66F}.Release|x86.Build.0 = Release|Any CPU
		{27E5C581-216B-4E57-8753-D59E0DD339F4}.Debug|Any CPU.ActiveCfg = Debug|Any CPU
		{27E5C581-216B-4E57-8753-D59E0DD339F4}.Debug|Any CPU.Build.0 = Debug|Any CPU
		{27E5C581-216B-4E57-8753-D59E0DD339F4}.Debug|x64.ActiveCfg = Debug|Any CPU
		{27E5C581-216B-4E57-8753-D59E0DD339F4}.Debug|x64.Build.0 = Debug|Any CPU
		{27E5C581-216B-4E57-8753-D59E0DD339F4}.Debug|x86.ActiveCfg = Debug|Any CPU
		{27E5C581-216B-4E57-8753-D59E0DD339F4}.Debug|x86.Build.0 = Debug|Any CPU
		{27E5C581-216B-4E57-8753-D59E0DD339F4}.Release|Any CPU.ActiveCfg = Release|Any CPU
		{27E5C581-216B-4E57-8753-D59E0DD339F4}.Release|Any CPU.Build.0 = Release|Any CPU
		{27E5C581-216B-4E57-8753-D59E0DD339F4}.Release|x64.ActiveCfg = Release|Any CPU
		{27E5C581-216B-4E57-8753-D59E0DD339F4}.Release|x64.Build.0 = Release|Any CPU
		{27E5C581-216B-4E57-8753-D59E0DD339F4}.Release|x86.ActiveCfg = Release|Any CPU
		{27E5C581-216B-4E57-8753-D59E0DD339F4}.Release|x86.Build.0 = Release|Any CPU
		{C6959865-2B8C-4ECA-9666-2AD5BFB38804}.Debug|Any CPU.ActiveCfg = Debug|Any CPU
		{C6959865-2B8C-4ECA-9666-2AD5BFB38804}.Debug|Any CPU.Build.0 = Debug|Any CPU
		{C6959865-2B8C-4ECA-9666-2AD5BFB38804}.Debug|x64.ActiveCfg = Debug|Any CPU
		{C6959865-2B8C-4ECA-9666-2AD5BFB38804}.Debug|x64.Build.0 = Debug|Any CPU
		{C6959865-2B8C-4ECA-9666-2AD5BFB38804}.Debug|x86.ActiveCfg = Debug|Any CPU
		{C6959865-2B8C-4ECA-9666-2AD5BFB38804}.Debug|x86.Build.0 = Debug|Any CPU
		{C6959865-2B8C-4ECA-9666-2AD5BFB38804}.Release|Any CPU.ActiveCfg = Release|Any CPU
		{C6959865-2B8C-4ECA-9666-2AD5BFB38804}.Release|Any CPU.Build.0 = Release|Any CPU
		{C6959865-2B8C-4ECA-9666-2AD5BFB38804}.Release|x64.ActiveCfg = Release|Any CPU
		{C6959865-2B8C-4ECA-9666-2AD5BFB38804}.Release|x64.Build.0 = Release|Any CPU
		{C6959865-2B8C-4ECA-9666-2AD5BFB38804}.Release|x86.ActiveCfg = Release|Any CPU
		{C6959865-2B8C-4ECA-9666-2AD5BFB38804}.Release|x86.Build.0 = Release|Any CPU
		{43358D6F-FF3F-4F69-8C14-17BDC6BF1027}.Debug|Any CPU.ActiveCfg = Debug|Any CPU
		{43358D6F-FF3F-4F69-8C14-17BDC6BF1027}.Debug|Any CPU.Build.0 = Debug|Any CPU
		{43358D6F-FF3F-4F69-8C14-17BDC6BF1027}.Debug|x64.ActiveCfg = Debug|Any CPU
		{43358D6F-FF3F-4F69-8C14-17BDC6BF1027}.Debug|x64.Build.0 = Debug|Any CPU
		{43358D6F-FF3F-4F69-8C14-17BDC6BF1027}.Debug|x86.ActiveCfg = Debug|Any CPU
		{43358D6F-FF3F-4F69-8C14-17BDC6BF1027}.Debug|x86.Build.0 = Debug|Any CPU
		{43358D6F-FF3F-4F69-8C14-17BDC6BF1027}.Release|Any CPU.ActiveCfg = Release|Any CPU
		{43358D6F-FF3F-4F69-8C14-17BDC6BF1027}.Release|Any CPU.Build.0 = Release|Any CPU
		{43358D6F-FF3F-4F69-8C14-17BDC6BF1027}.Release|x64.ActiveCfg = Release|Any CPU
		{43358D6F-FF3F-4F69-8C14-17BDC6BF1027}.Release|x64.Build.0 = Release|Any CPU
		{43358D6F-FF3F-4F69-8C14-17BDC6BF1027}.Release|x86.ActiveCfg = Release|Any CPU
		{43358D6F-FF3F-4F69-8C14-17BDC6BF1027}.Release|x86.Build.0 = Release|Any CPU
		{3244E686-6CF4-4431-BEFB-3D5FED88DDBC}.Debug|Any CPU.ActiveCfg = Debug|Any CPU
		{3244E686-6CF4-4431-BEFB-3D5FED88DDBC}.Debug|Any CPU.Build.0 = Debug|Any CPU
		{3244E686-6CF4-4431-BEFB-3D5FED88DDBC}.Debug|x64.ActiveCfg = Debug|Any CPU
		{3244E686-6CF4-4431-BEFB-3D5FED88DDBC}.Debug|x64.Build.0 = Debug|Any CPU
		{3244E686-6CF4-4431-BEFB-3D5FED88DDBC}.Debug|x86.ActiveCfg = Debug|Any CPU
		{3244E686-6CF4-4431-BEFB-3D5FED88DDBC}.Debug|x86.Build.0 = Debug|Any CPU
		{3244E686-6CF4-4431-BEFB-3D5FED88DDBC}.Release|Any CPU.ActiveCfg = Release|Any CPU
		{3244E686-6CF4-4431-BEFB-3D5FED88DDBC}.Release|Any CPU.Build.0 = Release|Any CPU
		{3244E686-6CF4-4431-BEFB-3D5FED88DDBC}.Release|x64.ActiveCfg = Release|Any CPU
		{3244E686-6CF4-4431-BEFB-3D5FED88DDBC}.Release|x64.Build.0 = Release|Any CPU
		{3244E686-6CF4-4431-BEFB-3D5FED88DDBC}.Release|x86.ActiveCfg = Release|Any CPU
		{3244E686-6CF4-4431-BEFB-3D5FED88DDBC}.Release|x86.Build.0 = Release|Any CPU
		{B40A0103-8C3F-4891-9231-61414B5609FE}.Debug|Any CPU.ActiveCfg = Debug|Any CPU
		{B40A0103-8C3F-4891-9231-61414B5609FE}.Debug|Any CPU.Build.0 = Debug|Any CPU
		{B40A0103-8C3F-4891-9231-61414B5609FE}.Debug|x64.ActiveCfg = Debug|Any CPU
		{B40A0103-8C3F-4891-9231-61414B5609FE}.Debug|x64.Build.0 = Debug|Any CPU
		{B40A0103-8C3F-4891-9231-61414B5609FE}.Debug|x86.ActiveCfg = Debug|Any CPU
		{B40A0103-8C3F-4891-9231-61414B5609FE}.Debug|x86.Build.0 = Debug|Any CPU
		{B40A0103-8C3F-4891-9231-61414B5609FE}.Release|Any CPU.ActiveCfg = Release|Any CPU
		{B40A0103-8C3F-4891-9231-61414B5609FE}.Release|Any CPU.Build.0 = Release|Any CPU
		{B40A0103-8C3F-4891-9231-61414B5609FE}.Release|x64.ActiveCfg = Release|Any CPU
		{B40A0103-8C3F-4891-9231-61414B5609FE}.Release|x64.Build.0 = Release|Any CPU
		{B40A0103-8C3F-4891-9231-61414B5609FE}.Release|x86.ActiveCfg = Release|Any CPU
		{B40A0103-8C3F-4891-9231-61414B5609FE}.Release|x86.Build.0 = Release|Any CPU
		{C2BAEF1B-800E-46EF-A2DE-BC8C9A47FF86}.Debug|Any CPU.ActiveCfg = Debug|Any CPU
		{C2BAEF1B-800E-46EF-A2DE-BC8C9A47FF86}.Debug|Any CPU.Build.0 = Debug|Any CPU
		{C2BAEF1B-800E-46EF-A2DE-BC8C9A47FF86}.Debug|x64.ActiveCfg = Debug|Any CPU
		{C2BAEF1B-800E-46EF-A2DE-BC8C9A47FF86}.Debug|x64.Build.0 = Debug|Any CPU
		{C2BAEF1B-800E-46EF-A2DE-BC8C9A47FF86}.Debug|x86.ActiveCfg = Debug|Any CPU
		{C2BAEF1B-800E-46EF-A2DE-BC8C9A47FF86}.Debug|x86.Build.0 = Debug|Any CPU
		{C2BAEF1B-800E-46EF-A2DE-BC8C9A47FF86}.Release|Any CPU.ActiveCfg = Release|Any CPU
		{C2BAEF1B-800E-46EF-A2DE-BC8C9A47FF86}.Release|Any CPU.Build.0 = Release|Any CPU
		{C2BAEF1B-800E-46EF-A2DE-BC8C9A47FF86}.Release|x64.ActiveCfg = Release|Any CPU
		{C2BAEF1B-800E-46EF-A2DE-BC8C9A47FF86}.Release|x64.Build.0 = Release|Any CPU
		{C2BAEF1B-800E-46EF-A2DE-BC8C9A47FF86}.Release|x86.ActiveCfg = Release|Any CPU
		{C2BAEF1B-800E-46EF-A2DE-BC8C9A47FF86}.Release|x86.Build.0 = Release|Any CPU
		{C1F526BA-A7BF-4F47-87F2-24E77BE72B59}.Debug|Any CPU.ActiveCfg = Debug|Any CPU
		{C1F526BA-A7BF-4F47-87F2-24E77BE72B59}.Debug|Any CPU.Build.0 = Debug|Any CPU
		{C1F526BA-A7BF-4F47-87F2-24E77BE72B59}.Debug|x64.ActiveCfg = Debug|Any CPU
		{C1F526BA-A7BF-4F47-87F2-24E77BE72B59}.Debug|x64.Build.0 = Debug|Any CPU
		{C1F526BA-A7BF-4F47-87F2-24E77BE72B59}.Debug|x86.ActiveCfg = Debug|Any CPU
		{C1F526BA-A7BF-4F47-87F2-24E77BE72B59}.Debug|x86.Build.0 = Debug|Any CPU
		{C1F526BA-A7BF-4F47-87F2-24E77BE72B59}.Release|Any CPU.ActiveCfg = Release|Any CPU
		{C1F526BA-A7BF-4F47-87F2-24E77BE72B59}.Release|Any CPU.Build.0 = Release|Any CPU
		{C1F526BA-A7BF-4F47-87F2-24E77BE72B59}.Release|x64.ActiveCfg = Release|Any CPU
		{C1F526BA-A7BF-4F47-87F2-24E77BE72B59}.Release|x64.Build.0 = Release|Any CPU
		{C1F526BA-A7BF-4F47-87F2-24E77BE72B59}.Release|x86.ActiveCfg = Release|Any CPU
		{C1F526BA-A7BF-4F47-87F2-24E77BE72B59}.Release|x86.Build.0 = Release|Any CPU
		{6178AF5B-8D91-4D45-AD75-08C00FAEB9AC}.Debug|Any CPU.ActiveCfg = Debug|Any CPU
		{6178AF5B-8D91-4D45-AD75-08C00FAEB9AC}.Debug|Any CPU.Build.0 = Debug|Any CPU
		{6178AF5B-8D91-4D45-AD75-08C00FAEB9AC}.Debug|x64.ActiveCfg = Debug|Any CPU
		{6178AF5B-8D91-4D45-AD75-08C00FAEB9AC}.Debug|x64.Build.0 = Debug|Any CPU
		{6178AF5B-8D91-4D45-AD75-08C00FAEB9AC}.Debug|x86.ActiveCfg = Debug|Any CPU
		{6178AF5B-8D91-4D45-AD75-08C00FAEB9AC}.Debug|x86.Build.0 = Debug|Any CPU
		{6178AF5B-8D91-4D45-AD75-08C00FAEB9AC}.Release|Any CPU.ActiveCfg = Release|Any CPU
		{6178AF5B-8D91-4D45-AD75-08C00FAEB9AC}.Release|Any CPU.Build.0 = Release|Any CPU
		{6178AF5B-8D91-4D45-AD75-08C00FAEB9AC}.Release|x64.ActiveCfg = Release|Any CPU
		{6178AF5B-8D91-4D45-AD75-08C00FAEB9AC}.Release|x64.Build.0 = Release|Any CPU
		{6178AF5B-8D91-4D45-AD75-08C00FAEB9AC}.Release|x86.ActiveCfg = Release|Any CPU
		{6178AF5B-8D91-4D45-AD75-08C00FAEB9AC}.Release|x86.Build.0 = Release|Any CPU
		{41E62DC7-898D-41C7-94B7-0B5ED2F96167}.Debug|Any CPU.ActiveCfg = Debug|Any CPU
		{41E62DC7-898D-41C7-94B7-0B5ED2F96167}.Debug|Any CPU.Build.0 = Debug|Any CPU
		{41E62DC7-898D-41C7-94B7-0B5ED2F96167}.Debug|x64.ActiveCfg = Debug|Any CPU
		{41E62DC7-898D-41C7-94B7-0B5ED2F96167}.Debug|x64.Build.0 = Debug|Any CPU
		{41E62DC7-898D-41C7-94B7-0B5ED2F96167}.Debug|x86.ActiveCfg = Debug|Any CPU
		{41E62DC7-898D-41C7-94B7-0B5ED2F96167}.Debug|x86.Build.0 = Debug|Any CPU
		{41E62DC7-898D-41C7-94B7-0B5ED2F96167}.Release|Any CPU.ActiveCfg = Release|Any CPU
		{41E62DC7-898D-41C7-94B7-0B5ED2F96167}.Release|Any CPU.Build.0 = Release|Any CPU
		{41E62DC7-898D-41C7-94B7-0B5ED2F96167}.Release|x64.ActiveCfg = Release|Any CPU
		{41E62DC7-898D-41C7-94B7-0B5ED2F96167}.Release|x64.Build.0 = Release|Any CPU
		{41E62DC7-898D-41C7-94B7-0B5ED2F96167}.Release|x86.ActiveCfg = Release|Any CPU
		{41E62DC7-898D-41C7-94B7-0B5ED2F96167}.Release|x86.Build.0 = Release|Any CPU
		{569F2F3A-F090-4A81-A3EE-AA7BC275637A}.Debug|Any CPU.ActiveCfg = Debug|Any CPU
		{569F2F3A-F090-4A81-A3EE-AA7BC275637A}.Debug|Any CPU.Build.0 = Debug|Any CPU
		{569F2F3A-F090-4A81-A3EE-AA7BC275637A}.Debug|x64.ActiveCfg = Debug|Any CPU
		{569F2F3A-F090-4A81-A3EE-AA7BC275637A}.Debug|x64.Build.0 = Debug|Any CPU
		{569F2F3A-F090-4A81-A3EE-AA7BC275637A}.Debug|x86.ActiveCfg = Debug|Any CPU
		{569F2F3A-F090-4A81-A3EE-AA7BC275637A}.Debug|x86.Build.0 = Debug|Any CPU
		{569F2F3A-F090-4A81-A3EE-AA7BC275637A}.Release|Any CPU.ActiveCfg = Release|Any CPU
		{569F2F3A-F090-4A81-A3EE-AA7BC275637A}.Release|Any CPU.Build.0 = Release|Any CPU
		{569F2F3A-F090-4A81-A3EE-AA7BC275637A}.Release|x64.ActiveCfg = Release|Any CPU
		{569F2F3A-F090-4A81-A3EE-AA7BC275637A}.Release|x64.Build.0 = Release|Any CPU
		{569F2F3A-F090-4A81-A3EE-AA7BC275637A}.Release|x86.ActiveCfg = Release|Any CPU
		{569F2F3A-F090-4A81-A3EE-AA7BC275637A}.Release|x86.Build.0 = Release|Any CPU
		{158924D7-0F77-4240-B7E6-A8C3EF1E59B5}.Debug|Any CPU.ActiveCfg = Debug|Any CPU
		{158924D7-0F77-4240-B7E6-A8C3EF1E59B5}.Debug|Any CPU.Build.0 = Debug|Any CPU
		{158924D7-0F77-4240-B7E6-A8C3EF1E59B5}.Debug|x64.ActiveCfg = Debug|Any CPU
		{158924D7-0F77-4240-B7E6-A8C3EF1E59B5}.Debug|x64.Build.0 = Debug|Any CPU
		{158924D7-0F77-4240-B7E6-A8C3EF1E59B5}.Debug|x86.ActiveCfg = Debug|Any CPU
		{158924D7-0F77-4240-B7E6-A8C3EF1E59B5}.Debug|x86.Build.0 = Debug|Any CPU
		{158924D7-0F77-4240-B7E6-A8C3EF1E59B5}.Release|Any CPU.ActiveCfg = Release|Any CPU
		{158924D7-0F77-4240-B7E6-A8C3EF1E59B5}.Release|Any CPU.Build.0 = Release|Any CPU
		{158924D7-0F77-4240-B7E6-A8C3EF1E59B5}.Release|x64.ActiveCfg = Release|Any CPU
		{158924D7-0F77-4240-B7E6-A8C3EF1E59B5}.Release|x64.Build.0 = Release|Any CPU
		{158924D7-0F77-4240-B7E6-A8C3EF1E59B5}.Release|x86.ActiveCfg = Release|Any CPU
		{158924D7-0F77-4240-B7E6-A8C3EF1E59B5}.Release|x86.Build.0 = Release|Any CPU
		{B60C8790-AAA6-4E53-80AE-21C0963A89AB}.Debug|Any CPU.ActiveCfg = Debug|Any CPU
		{B60C8790-AAA6-4E53-80AE-21C0963A89AB}.Debug|Any CPU.Build.0 = Debug|Any CPU
		{B60C8790-AAA6-4E53-80AE-21C0963A89AB}.Debug|x64.ActiveCfg = Debug|Any CPU
		{B60C8790-AAA6-4E53-80AE-21C0963A89AB}.Debug|x64.Build.0 = Debug|Any CPU
		{B60C8790-AAA6-4E53-80AE-21C0963A89AB}.Debug|x86.ActiveCfg = Debug|Any CPU
		{B60C8790-AAA6-4E53-80AE-21C0963A89AB}.Debug|x86.Build.0 = Debug|Any CPU
		{B60C8790-AAA6-4E53-80AE-21C0963A89AB}.Release|Any CPU.ActiveCfg = Release|Any CPU
		{B60C8790-AAA6-4E53-80AE-21C0963A89AB}.Release|Any CPU.Build.0 = Release|Any CPU
		{B60C8790-AAA6-4E53-80AE-21C0963A89AB}.Release|x64.ActiveCfg = Release|Any CPU
		{B60C8790-AAA6-4E53-80AE-21C0963A89AB}.Release|x64.Build.0 = Release|Any CPU
		{B60C8790-AAA6-4E53-80AE-21C0963A89AB}.Release|x86.ActiveCfg = Release|Any CPU
		{B60C8790-AAA6-4E53-80AE-21C0963A89AB}.Release|x86.Build.0 = Release|Any CPU
		{D2258BE7-13D4-4648-B261-B966CA553A17}.Debug|Any CPU.ActiveCfg = Debug|Any CPU
		{D2258BE7-13D4-4648-B261-B966CA553A17}.Debug|Any CPU.Build.0 = Debug|Any CPU
		{D2258BE7-13D4-4648-B261-B966CA553A17}.Debug|x64.ActiveCfg = Debug|Any CPU
		{D2258BE7-13D4-4648-B261-B966CA553A17}.Debug|x64.Build.0 = Debug|Any CPU
		{D2258BE7-13D4-4648-B261-B966CA553A17}.Debug|x86.ActiveCfg = Debug|Any CPU
		{D2258BE7-13D4-4648-B261-B966CA553A17}.Debug|x86.Build.0 = Debug|Any CPU
		{D2258BE7-13D4-4648-B261-B966CA553A17}.Release|Any CPU.ActiveCfg = Release|Any CPU
		{D2258BE7-13D4-4648-B261-B966CA553A17}.Release|Any CPU.Build.0 = Release|Any CPU
		{D2258BE7-13D4-4648-B261-B966CA553A17}.Release|x64.ActiveCfg = Release|Any CPU
		{D2258BE7-13D4-4648-B261-B966CA553A17}.Release|x64.Build.0 = Release|Any CPU
		{D2258BE7-13D4-4648-B261-B966CA553A17}.Release|x86.ActiveCfg = Release|Any CPU
		{D2258BE7-13D4-4648-B261-B966CA553A17}.Release|x86.Build.0 = Release|Any CPU
		{45A8448B-ED08-42DC-8B39-AFE88819672D}.Debug|Any CPU.ActiveCfg = Debug|Any CPU
		{45A8448B-ED08-42DC-8B39-AFE88819672D}.Debug|Any CPU.Build.0 = Debug|Any CPU
		{45A8448B-ED08-42DC-8B39-AFE88819672D}.Debug|x64.ActiveCfg = Debug|Any CPU
		{45A8448B-ED08-42DC-8B39-AFE88819672D}.Debug|x64.Build.0 = Debug|Any CPU
		{45A8448B-ED08-42DC-8B39-AFE88819672D}.Debug|x86.ActiveCfg = Debug|Any CPU
		{45A8448B-ED08-42DC-8B39-AFE88819672D}.Debug|x86.Build.0 = Debug|Any CPU
		{45A8448B-ED08-42DC-8B39-AFE88819672D}.Release|Any CPU.ActiveCfg = Release|Any CPU
		{45A8448B-ED08-42DC-8B39-AFE88819672D}.Release|Any CPU.Build.0 = Release|Any CPU
		{45A8448B-ED08-42DC-8B39-AFE88819672D}.Release|x64.ActiveCfg = Release|Any CPU
		{45A8448B-ED08-42DC-8B39-AFE88819672D}.Release|x64.Build.0 = Release|Any CPU
		{45A8448B-ED08-42DC-8B39-AFE88819672D}.Release|x86.ActiveCfg = Release|Any CPU
		{45A8448B-ED08-42DC-8B39-AFE88819672D}.Release|x86.Build.0 = Release|Any CPU
		{48B524A9-FF49-4018-BEE5-47289649B9DE}.Debug|Any CPU.ActiveCfg = Debug|Any CPU
		{48B524A9-FF49-4018-BEE5-47289649B9DE}.Debug|Any CPU.Build.0 = Debug|Any CPU
		{48B524A9-FF49-4018-BEE5-47289649B9DE}.Debug|x64.ActiveCfg = Debug|Any CPU
		{48B524A9-FF49-4018-BEE5-47289649B9DE}.Debug|x64.Build.0 = Debug|Any CPU
		{48B524A9-FF49-4018-BEE5-47289649B9DE}.Debug|x86.ActiveCfg = Debug|Any CPU
		{48B524A9-FF49-4018-BEE5-47289649B9DE}.Debug|x86.Build.0 = Debug|Any CPU
		{48B524A9-FF49-4018-BEE5-47289649B9DE}.Release|Any CPU.ActiveCfg = Release|Any CPU
		{48B524A9-FF49-4018-BEE5-47289649B9DE}.Release|Any CPU.Build.0 = Release|Any CPU
		{48B524A9-FF49-4018-BEE5-47289649B9DE}.Release|x64.ActiveCfg = Release|Any CPU
		{48B524A9-FF49-4018-BEE5-47289649B9DE}.Release|x64.Build.0 = Release|Any CPU
		{48B524A9-FF49-4018-BEE5-47289649B9DE}.Release|x86.ActiveCfg = Release|Any CPU
		{48B524A9-FF49-4018-BEE5-47289649B9DE}.Release|x86.Build.0 = Release|Any CPU
		{BFD2F207-A1B7-4AEA-95AC-4D06F3D02D05}.Debug|Any CPU.ActiveCfg = Debug|Any CPU
		{BFD2F207-A1B7-4AEA-95AC-4D06F3D02D05}.Debug|Any CPU.Build.0 = Debug|Any CPU
		{BFD2F207-A1B7-4AEA-95AC-4D06F3D02D05}.Debug|x64.ActiveCfg = Debug|Any CPU
		{BFD2F207-A1B7-4AEA-95AC-4D06F3D02D05}.Debug|x64.Build.0 = Debug|Any CPU
		{BFD2F207-A1B7-4AEA-95AC-4D06F3D02D05}.Debug|x86.ActiveCfg = Debug|Any CPU
		{BFD2F207-A1B7-4AEA-95AC-4D06F3D02D05}.Debug|x86.Build.0 = Debug|Any CPU
		{BFD2F207-A1B7-4AEA-95AC-4D06F3D02D05}.Release|Any CPU.ActiveCfg = Release|Any CPU
		{BFD2F207-A1B7-4AEA-95AC-4D06F3D02D05}.Release|Any CPU.Build.0 = Release|Any CPU
		{BFD2F207-A1B7-4AEA-95AC-4D06F3D02D05}.Release|x64.ActiveCfg = Release|Any CPU
		{BFD2F207-A1B7-4AEA-95AC-4D06F3D02D05}.Release|x64.Build.0 = Release|Any CPU
		{BFD2F207-A1B7-4AEA-95AC-4D06F3D02D05}.Release|x86.ActiveCfg = Release|Any CPU
		{BFD2F207-A1B7-4AEA-95AC-4D06F3D02D05}.Release|x86.Build.0 = Release|Any CPU
		{009921A8-C108-476F-A838-231787FDEDE8}.Debug|Any CPU.ActiveCfg = Debug|Any CPU
		{009921A8-C108-476F-A838-231787FDEDE8}.Debug|Any CPU.Build.0 = Debug|Any CPU
		{009921A8-C108-476F-A838-231787FDEDE8}.Debug|x64.ActiveCfg = Debug|Any CPU
		{009921A8-C108-476F-A838-231787FDEDE8}.Debug|x64.Build.0 = Debug|Any CPU
		{009921A8-C108-476F-A838-231787FDEDE8}.Debug|x86.ActiveCfg = Debug|Any CPU
		{009921A8-C108-476F-A838-231787FDEDE8}.Debug|x86.Build.0 = Debug|Any CPU
		{009921A8-C108-476F-A838-231787FDEDE8}.Release|Any CPU.ActiveCfg = Release|Any CPU
		{009921A8-C108-476F-A838-231787FDEDE8}.Release|Any CPU.Build.0 = Release|Any CPU
		{009921A8-C108-476F-A838-231787FDEDE8}.Release|x64.ActiveCfg = Release|Any CPU
		{009921A8-C108-476F-A838-231787FDEDE8}.Release|x64.Build.0 = Release|Any CPU
		{009921A8-C108-476F-A838-231787FDEDE8}.Release|x86.ActiveCfg = Release|Any CPU
		{009921A8-C108-476F-A838-231787FDEDE8}.Release|x86.Build.0 = Release|Any CPU
		{9910C1A1-4286-4FE1-9090-99BE534833BA}.Debug|Any CPU.ActiveCfg = Debug|Any CPU
		{9910C1A1-4286-4FE1-9090-99BE534833BA}.Debug|Any CPU.Build.0 = Debug|Any CPU
		{9910C1A1-4286-4FE1-9090-99BE534833BA}.Debug|x64.ActiveCfg = Debug|Any CPU
		{9910C1A1-4286-4FE1-9090-99BE534833BA}.Debug|x64.Build.0 = Debug|Any CPU
		{9910C1A1-4286-4FE1-9090-99BE534833BA}.Debug|x86.ActiveCfg = Debug|Any CPU
		{9910C1A1-4286-4FE1-9090-99BE534833BA}.Debug|x86.Build.0 = Debug|Any CPU
		{9910C1A1-4286-4FE1-9090-99BE534833BA}.Release|Any CPU.ActiveCfg = Release|Any CPU
		{9910C1A1-4286-4FE1-9090-99BE534833BA}.Release|Any CPU.Build.0 = Release|Any CPU
		{9910C1A1-4286-4FE1-9090-99BE534833BA}.Release|x64.ActiveCfg = Release|Any CPU
		{9910C1A1-4286-4FE1-9090-99BE534833BA}.Release|x64.Build.0 = Release|Any CPU
		{9910C1A1-4286-4FE1-9090-99BE534833BA}.Release|x86.ActiveCfg = Release|Any CPU
		{9910C1A1-4286-4FE1-9090-99BE534833BA}.Release|x86.Build.0 = Release|Any CPU
	EndGlobalSection
	GlobalSection(SolutionProperties) = preSolution
		HideSolutionNode = FALSE
	EndGlobalSection
	GlobalSection(NestedProjects) = preSolution
		{4C6D84E1-4A7B-4896-9FDD-B51A33BAA66F} = {62F7F5DF-79FA-4EA2-B03E-E1782847C31D}
		{27E5C581-216B-4E57-8753-D59E0DD339F4} = {62F7F5DF-79FA-4EA2-B03E-E1782847C31D}
		{C6959865-2B8C-4ECA-9666-2AD5BFB38804} = {62F7F5DF-79FA-4EA2-B03E-E1782847C31D}
		{43358D6F-FF3F-4F69-8C14-17BDC6BF1027} = {62F7F5DF-79FA-4EA2-B03E-E1782847C31D}
		{3244E686-6CF4-4431-BEFB-3D5FED88DDBC} = {62F7F5DF-79FA-4EA2-B03E-E1782847C31D}
		{B40A0103-8C3F-4891-9231-61414B5609FE} = {62F7F5DF-79FA-4EA2-B03E-E1782847C31D}
		{C2BAEF1B-800E-46EF-A2DE-BC8C9A47FF86} = {F7DB7DC8-3AE2-4BB8-AFFF-FBFDD2802189}
		{6178AF5B-8D91-4D45-AD75-08C00FAEB9AC} = {62F7F5DF-79FA-4EA2-B03E-E1782847C31D}
		{41E62DC7-898D-41C7-94B7-0B5ED2F96167} = {62F7F5DF-79FA-4EA2-B03E-E1782847C31D}
		{569F2F3A-F090-4A81-A3EE-AA7BC275637A} = {6B70000D-B3F4-4EEA-AF2F-6ED2A7CBA0C8}
		{158924D7-0F77-4240-B7E6-A8C3EF1E59B5} = {6B70000D-B3F4-4EEA-AF2F-6ED2A7CBA0C8}
		{B60C8790-AAA6-4E53-80AE-21C0963A89AB} = {6B70000D-B3F4-4EEA-AF2F-6ED2A7CBA0C8}
		{D2258BE7-13D4-4648-B261-B966CA553A17} = {6B70000D-B3F4-4EEA-AF2F-6ED2A7CBA0C8}
		{45A8448B-ED08-42DC-8B39-AFE88819672D} = {62F7F5DF-79FA-4EA2-B03E-E1782847C31D}
		{48B524A9-FF49-4018-BEE5-47289649B9DE} = {6B70000D-B3F4-4EEA-AF2F-6ED2A7CBA0C8}
		{BFD2F207-A1B7-4AEA-95AC-4D06F3D02D05} = {26939763-CBE2-4ABD-9032-FC0647391949}
		{009921A8-C108-476F-A838-231787FDEDE8} = {26939763-CBE2-4ABD-9032-FC0647391949}
		{26939763-CBE2-4ABD-9032-FC0647391949} = {62F7F5DF-79FA-4EA2-B03E-E1782847C31D}
	EndGlobalSection
	GlobalSection(ExtensibilityGlobals) = postSolution
		SolutionGuid = {5B524F8E-74E8-4F79-8A49-4C8CE8E09A2A}
	EndGlobalSection
EndGlobal
